
Microsoft Visual Studio Solution File, Format Version 12.00
Project("{FAE04EC0-301F-11D3-BF4B-00C04F79EFBC}") = "AStarLee", "AStarLee\AStarLee.csproj", "{D8D6E752-CA26-49C3-AD11-8024530F30B9}"
EndProject
Global
	GlobalSection(SolutionConfigurationPlatforms) = preSolution
		Debug|Any CPU = Debug|Any CPU
		Release|Any CPU = Release|Any CPU
	EndGlobalSection
	GlobalSection(ProjectConfigurationPlatforms) = postSolution
		{D8D6E752-CA26-49C3-AD11-8024530F30B9}.Debug|Any CPU.ActiveCfg = Debug|Any CPU
		{D8D6E752-CA26-49C3-AD11-8024530F30B9}.Debug|Any CPU.Build.0 = Debug|Any CPU
		{D8D6E752-CA26-49C3-AD11-8024530F30B9}.Release|Any CPU.ActiveCfg = Release|Any CPU
		{D8D6E752-CA26-49C3-AD11-8024530F30B9}.Release|Any CPU.Build.0 = Release|Any CPU
	EndGlobalSection
EndGlobal
